speakeasyVersion: 1.419.0
sources:
    smallweb-OAS:
        sourceNamespace: smallweb-oas
        sourceRevisionDigest: sha256:69a744d73428688c7bfd67e902f0575610c35775c9a82c9a85ae82330f95341b
        sourceBlobDigest: sha256:e9831d7c976eba799afd069b5a97b4a150f804fcae844e5de68efdf4f24177cd
        tags:
            - latest
targets:
    smallweb:
        source: smallweb-OAS
        sourceNamespace: smallweb-oas
        sourceRevisionDigest: sha256:69a744d73428688c7bfd67e902f0575610c35775c9a82c9a85ae82330f95341b
        sourceBlobDigest: sha256:e9831d7c976eba799afd069b5a97b4a150f804fcae844e5de68efdf4f24177cd
workflow:
    workflowVersion: 1.0.0
    speakeasyVersion: latest
    sources:
        smallweb-OAS:
            inputs:
                - location: https://assets.smallweb.run/openapi.json
            overlays:
                - location: .speakeasy/speakeasy-modifications-overlay-1.yaml
            registry:
                location: registry.speakeasyapi.dev/smallweb/smallweb/smallweb-oas
    targets:
        smallweb:
            target: typescript
            source: smallweb-OAS
