speakeasyVersion: 1.419.0
sources:
    smallweb-OAS:
        sourceNamespace: smallweb-oas
        sourceRevisionDigest: sha256:42bc8c66c1a38be015b470da7eb196a2bbfe99130ba34885ba7af30d6904a184
        sourceBlobDigest: sha256:e9831d7c976eba799afd069b5a97b4a150f804fcae844e5de68efdf4f24177cd
        tags:
            - latest
targets:
    smallweb:
        source: smallweb-OAS
        sourceNamespace: smallweb-oas
        sourceRevisionDigest: sha256:42bc8c66c1a38be015b470da7eb196a2bbfe99130ba34885ba7af30d6904a184
        sourceBlobDigest: sha256:e9831d7c976eba799afd069b5a97b4a150f804fcae844e5de68efdf4f24177cd
workflow:
    workflowVersion: 1.0.0
    speakeasyVersion: latest
    sources:
        smallweb-OAS:
            inputs:
                - location: https://assets.smallweb.run/openapi.json
            overlays:
                - location: .speakeasy/speakeasy-modifications-overlay-1.yaml
            registry:
                location: registry.speakeasyapi.dev/smallweb/smallweb/smallweb-oas
    targets:
        smallweb:
            target: typescript
            source: smallweb-OAS
            publish:
                npm:
                    token: $npm_token
